
Microsoft Visual Studio Solution File, Format Version 12.00
# Visual Studio 14
VisualStudioVersion = 14.0.25420.1
MinimumVisualStudioVersion = 10.0.40219.1
Project("{FAE04EC0-301F-11D3-BF4B-00C04F79EFBC}") = "Fdp", "Fdp.UI\Fdp.csproj", "{0DD1B29F-3388-4158-A12E-0D02055EC78F}"
EndProject
Project("{FAE04EC0-301F-11D3-BF4B-00C04F79EFBC}") = "Fdp.Controls", "Fdp.Controls\Fdp.Controls.csproj", "{F210DC15-3624-4D4C-AD38-47E753D21AE9}"
EndProject
Project("{FAE04EC0-301F-11D3-BF4B-00C04F79EFBC}") = "Fdp.DataAccess", "Fdp.DataAccess\Fdp.DataAccess.csproj", "{89986B37-6E7B-400A-AA8A-E21A32AF75DA}"
EndProject
Project("{FAE04EC0-301F-11D3-BF4B-00C04F79EFBC}") = "Fdp.InfraStructure", "Fdp.InfraStructure\Fdp.InfraStructure.csproj", "{08154AFF-238B-4FF3-BCAC-6356B9FBEC38}"
EndProject
Project("{2150E333-8FDC-42A3-9474-1A3956D46DE8}") = "Modules", "Modules", "{78E93974-4AE9-4193-9F95-A0DF235ED3A3}"
EndProject
Project("{FAE04EC0-301F-11D3-BF4B-00C04F79EFBC}") = "Fdp.Essentials", "Fdp.Essentials\Fdp.Essentials.csproj", "{2EB1BC63-262B-4805-9BD5-AF32BB103C6B}"
EndProject
Project("{FAE04EC0-301F-11D3-BF4B-00C04F79EFBC}") = "Fdp.DataModeller", "Fdp.DataModeler\Fdp.DataModeller.csproj", "{76ADF8ED-5148-4CAF-B8EA-D2214BD5D7C5}"
EndProject
Project("{FAE04EC0-301F-11D3-BF4B-00C04F79EFBC}") = "Fdp.DataAccessTest", "Fdp.DataAccessTest\Fdp.DataAccessTest.csproj", "{6AB4AA80-9B07-4FDF-A517-FC85053077C4}"
EndProject
Project("{2150E333-8FDC-42A3-9474-1A3956D46DE8}") = "Tests", "Tests", "{351060AD-5461-4C34-BE74-72E5869D731A}"
EndProject
Project("{FAE04EC0-301F-11D3-BF4B-00C04F79EFBC}") = "Fdp.UITest", "Fdp.UITest\Fdp.UITest.csproj", "{ADFAF25E-2F2A-4754-8780-52A024DB68C5}"
EndProject
Global
	GlobalSection(SolutionConfigurationPlatforms) = preSolution
		Debug|Any CPU = Debug|Any CPU
		Release|Any CPU = Release|Any CPU
	EndGlobalSection
	GlobalSection(ProjectConfigurationPlatforms) = postSolution
		{0DD1B29F-3388-4158-A12E-0D02055EC78F}.Debug|Any CPU.ActiveCfg = Debug|Any CPU
		{0DD1B29F-3388-4158-A12E-0D02055EC78F}.Debug|Any CPU.Build.0 = Debug|Any CPU
		{0DD1B29F-3388-4158-A12E-0D02055EC78F}.Release|Any CPU.ActiveCfg = Release|Any CPU
		{0DD1B29F-3388-4158-A12E-0D02055EC78F}.Release|Any CPU.Build.0 = Release|Any CPU
		{F210DC15-3624-4D4C-AD38-47E753D21AE9}.Debug|Any CPU.ActiveCfg = Debug|Any CPU
		{F210DC15-3624-4D4C-AD38-47E753D21AE9}.Debug|Any CPU.Build.0 = Debug|Any CPU
		{F210DC15-3624-4D4C-AD38-47E753D21AE9}.Release|Any CPU.ActiveCfg = Release|Any CPU
		{F210DC15-3624-4D4C-AD38-47E753D21AE9}.Release|Any CPU.Build.0 = Release|Any CPU
		{89986B37-6E7B-400A-AA8A-E21A32AF75DA}.Debug|Any CPU.ActiveCfg = Debug|Any CPU
		{89986B37-6E7B-400A-AA8A-E21A32AF75DA}.Debug|Any CPU.Build.0 = Debug|Any CPU
		{89986B37-6E7B-400A-AA8A-E21A32AF75DA}.Release|Any CPU.ActiveCfg = Release|Any CPU
		{89986B37-6E7B-400A-AA8A-E21A32AF75DA}.Release|Any CPU.Build.0 = Release|Any CPU
		{08154AFF-238B-4FF3-BCAC-6356B9FBEC38}.Debug|Any CPU.ActiveCfg = Debug|Any CPU
		{08154AFF-238B-4FF3-BCAC-6356B9FBEC38}.Debug|Any CPU.Build.0 = Debug|Any CPU
		{08154AFF-238B-4FF3-BCAC-6356B9FBEC38}.Release|Any CPU.ActiveCfg = Release|Any CPU
		{08154AFF-238B-4FF3-BCAC-6356B9FBEC38}.Release|Any CPU.Build.0 = Release|Any CPU
		{2EB1BC63-262B-4805-9BD5-AF32BB103C6B}.Debug|Any CPU.ActiveCfg = Debug|Any CPU
		{2EB1BC63-262B-4805-9BD5-AF32BB103C6B}.Debug|Any CPU.Build.0 = Debug|Any CPU
		{2EB1BC63-262B-4805-9BD5-AF32BB103C6B}.Release|Any CPU.ActiveCfg = Release|Any CPU
		{2EB1BC63-262B-4805-9BD5-AF32BB103C6B}.Release|Any CPU.Build.0 = Release|Any CPU
		{76ADF8ED-5148-4CAF-B8EA-D2214BD5D7C5}.Debug|Any CPU.ActiveCfg = Debug|Any CPU
		{76ADF8ED-5148-4CAF-B8EA-D2214BD5D7C5}.Debug|Any CPU.Build.0 = Debug|Any CPU
		{76ADF8ED-5148-4CAF-B8EA-D2214BD5D7C5}.Release|Any CPU.ActiveCfg = Release|Any CPU
		{76ADF8ED-5148-4CAF-B8EA-D2214BD5D7C5}.Release|Any CPU.Build.0 = Release|Any CPU
		{6AB4AA80-9B07-4FDF-A517-FC85053077C4}.Debug|Any CPU.ActiveCfg = Debug|Any CPU
		{6AB4AA80-9B07-4FDF-A517-FC85053077C4}.Debug|Any CPU.Build.0 = Debug|Any CPU
		{6AB4AA80-9B07-4FDF-A517-FC85053077C4}.Release|Any CPU.ActiveCfg = Release|Any CPU
		{6AB4AA80-9B07-4FDF-A517-FC85053077C4}.Release|Any CPU.Build.0 = Release|Any CPU
		{ADFAF25E-2F2A-4754-8780-52A024DB68C5}.Debug|Any CPU.ActiveCfg = Debug|Any CPU
		{ADFAF25E-2F2A-4754-8780-52A024DB68C5}.Debug|Any CPU.Build.0 = Debug|Any CPU
		{ADFAF25E-2F2A-4754-8780-52A024DB68C5}.Release|Any CPU.ActiveCfg = Release|Any CPU
		{ADFAF25E-2F2A-4754-8780-52A024DB68C5}.Release|Any CPU.Build.0 = Release|Any CPU
	EndGlobalSection
	GlobalSection(SolutionProperties) = preSolution
		HideSolutionNode = FALSE
	EndGlobalSection
	GlobalSection(NestedProjects) = preSolution
		{2EB1BC63-262B-4805-9BD5-AF32BB103C6B} = {78E93974-4AE9-4193-9F95-A0DF235ED3A3}
		{76ADF8ED-5148-4CAF-B8EA-D2214BD5D7C5} = {78E93974-4AE9-4193-9F95-A0DF235ED3A3}
		{6AB4AA80-9B07-4FDF-A517-FC85053077C4} = {351060AD-5461-4C34-BE74-72E5869D731A}
		{ADFAF25E-2F2A-4754-8780-52A024DB68C5} = {351060AD-5461-4C34-BE74-72E5869D731A}
	EndGlobalSection
EndGlobal
